{
  "name": "datilografia.brasilsuleducacional",
  "lockfileVersion": 2,
  "requires": true,
  "packages": {
    "": {
      "dependencies": {
        "jquery-pjax": "^2.0.1"
      }
    },
    "node_modules/jquery-pjax": {
      "version": "2.0.1",
      "resolved": "https://registry.npmjs.org/jquery-pjax/-/jquery-pjax-2.0.1.tgz",
      "integrity": "sha512-xMSUMh5p0f0O2XMh13YbkS94NWuWkV9k+3ouECvVWb9Li6OCF7BVinotGwbUYDKYWA0PCoTq64dTYiJwmN6H6Q=="
    }
  },
  "dependencies": {
    "jquery-pjax": {
      "version": "2.0.1",
      "resolved": "https://registry.npmjs.org/jquery-pjax/-/jquery-pjax-2.0.1.tgz",
      "integrity": "sha512-xMSUMh5p0f0O2XMh13YbkS94NWuWkV9k+3ouECvVWb9Li6OCF7BVinotGwbUYDKYWA0PCoTq64dTYiJwmN6H6Q=="
    }
  }
}
